# THIS IS AN AUTOGENERATED FILE. DO NOT EDIT THIS FILE DIRECTLY.
# yarn lockfile v1


"@esbuild/aix-ppc64@0.25.5":
  version "0.25.5"
  resolved "https://registry.yarnpkg.com/@esbuild/aix-ppc64/-/aix-ppc64-0.25.5.tgz#4e0f91776c2b340e75558f60552195f6fad09f18"
  integrity sha512-9o3TMmpmftaCMepOdA5k/yDw8SfInyzWWTjYTFCX3kPSDJMROQTb8jg+h9Cnwnmm1vOzvxN7gIfB5V2ewpjtGA==

"@esbuild/android-arm64@0.25.5":
  version "0.25.5"
  resolved "https://registry.yarnpkg.com/@esbuild/android-arm64/-/android-arm64-0.25.5.tgz#bc766407f1718923f6b8079c8c61bf86ac3a6a4f"
  integrity sha512-VGzGhj4lJO+TVGV1v8ntCZWJktV7SGCs3Pn1GRWI1SBFtRALoomm8k5E9Pmwg3HOAal2VDc2F9+PM/rEY6oIDg==

"@esbuild/android-arm@0.25.5":
  version "0.25.5"
  resolved "https://registry.yarnpkg.com/@esbuild/android-arm/-/android-arm-0.25.5.tgz#4290d6d3407bae3883ad2cded1081a234473ce26"
  integrity sha512-AdJKSPeEHgi7/ZhuIPtcQKr5RQdo6OO2IL87JkianiMYMPbCtot9fxPbrMiBADOWWm3T2si9stAiVsGbTQFkbA==

"@esbuild/android-x64@0.25.5":
  version "0.25.5"
  resolved "https://registry.yarnpkg.com/@esbuild/android-x64/-/android-x64-0.25.5.tgz#40c11d9cbca4f2406548c8a9895d321bc3b35eff"
  integrity sha512-D2GyJT1kjvO//drbRT3Hib9XPwQeWd9vZoBJn+bu/lVsOZ13cqNdDeqIF/xQ5/VmWvMduP6AmXvylO/PIc2isw==

"@esbuild/darwin-arm64@0.25.5":
  version "0.25.5"
  resolved "https://registry.yarnpkg.com/@esbuild/darwin-arm64/-/darwin-arm64-0.25.5.tgz#49d8bf8b1df95f759ac81eb1d0736018006d7e34"
  integrity sha512-GtaBgammVvdF7aPIgH2jxMDdivezgFu6iKpmT+48+F8Hhg5J/sfnDieg0aeG/jfSvkYQU2/pceFPDKlqZzwnfQ==

"@esbuild/darwin-x64@0.25.5":
  version "0.25.5"
  resolved "https://registry.yarnpkg.com/@esbuild/darwin-x64/-/darwin-x64-0.25.5.tgz#e27a5d92a14886ef1d492fd50fc61a2d4d87e418"
  integrity sha512-1iT4FVL0dJ76/q1wd7XDsXrSW+oLoquptvh4CLR4kITDtqi2e/xwXwdCVH8hVHU43wgJdsq7Gxuzcs6Iq/7bxQ==

"@esbuild/freebsd-arm64@0.25.5":
  version "0.25.5"
  resolved "https://registry.yarnpkg.com/@esbuild/freebsd-arm64/-/freebsd-arm64-0.25.5.tgz#97cede59d638840ca104e605cdb9f1b118ba0b1c"
  integrity sha512-nk4tGP3JThz4La38Uy/gzyXtpkPW8zSAmoUhK9xKKXdBCzKODMc2adkB2+8om9BDYugz+uGV7sLmpTYzvmz6Sw==

"@esbuild/freebsd-x64@0.25.5":
  version "0.25.5"
  resolved "https://registry.yarnpkg.com/@esbuild/freebsd-x64/-/freebsd-x64-0.25.5.tgz#71c77812042a1a8190c3d581e140d15b876b9c6f"
  integrity sha512-PrikaNjiXdR2laW6OIjlbeuCPrPaAl0IwPIaRv+SMV8CiM8i2LqVUHFC1+8eORgWyY7yhQY+2U2fA55mBzReaw==

"@esbuild/linux-arm64@0.25.5":
  version "0.25.5"
  resolved "https://registry.yarnpkg.com/@esbuild/linux-arm64/-/linux-arm64-0.25.5.tgz#f7b7c8f97eff8ffd2e47f6c67eb5c9765f2181b8"
  integrity sha512-Z9kfb1v6ZlGbWj8EJk9T6czVEjjq2ntSYLY2cw6pAZl4oKtfgQuS4HOq41M/BcoLPzrUbNd+R4BXFyH//nHxVg==

"@esbuild/linux-arm@0.25.5":
  version "0.25.5"
  resolved "https://registry.yarnpkg.com/@esbuild/linux-arm/-/linux-arm-0.25.5.tgz#2a0be71b6cd8201fa559aea45598dffabc05d911"
  integrity sha512-cPzojwW2okgh7ZlRpcBEtsX7WBuqbLrNXqLU89GxWbNt6uIg78ET82qifUy3W6OVww6ZWobWub5oqZOVtwolfw==

"@esbuild/linux-ia32@0.25.5":
  version "0.25.5"
  resolved "https://registry.yarnpkg.com/@esbuild/linux-ia32/-/linux-ia32-0.25.5.tgz#763414463cd9ea6fa1f96555d2762f9f84c61783"
  integrity sha512-sQ7l00M8bSv36GLV95BVAdhJ2QsIbCuCjh/uYrWiMQSUuV+LpXwIqhgJDcvMTj+VsQmqAHL2yYaasENvJ7CDKA==

"@esbuild/linux-loong64@0.25.5":
  version "0.25.5"
  resolved "https://registry.yarnpkg.com/@esbuild/linux-loong64/-/linux-loong64-0.25.5.tgz#428cf2213ff786a502a52c96cf29d1fcf1eb8506"
  integrity sha512-0ur7ae16hDUC4OL5iEnDb0tZHDxYmuQyhKhsPBV8f99f6Z9KQM02g33f93rNH5A30agMS46u2HP6qTdEt6Q1kg==

"@esbuild/linux-mips64el@0.25.5":
  version "0.25.5"
  resolved "https://registry.yarnpkg.com/@esbuild/linux-mips64el/-/linux-mips64el-0.25.5.tgz#5cbcc7fd841b4cd53358afd33527cd394e325d96"
  integrity sha512-kB/66P1OsHO5zLz0i6X0RxlQ+3cu0mkxS3TKFvkb5lin6uwZ/ttOkP3Z8lfR9mJOBk14ZwZ9182SIIWFGNmqmg==

"@esbuild/linux-ppc64@0.25.5":
  version "0.25.5"
  resolved "https://registry.yarnpkg.com/@esbuild/linux-ppc64/-/linux-ppc64-0.25.5.tgz#0d954ab39ce4f5e50f00c4f8c4fd38f976c13ad9"
  integrity sha512-UZCmJ7r9X2fe2D6jBmkLBMQetXPXIsZjQJCjgwpVDz+YMcS6oFR27alkgGv3Oqkv07bxdvw7fyB71/olceJhkQ==

"@esbuild/linux-riscv64@0.25.5":
  version "0.25.5"
  resolved "https://registry.yarnpkg.com/@esbuild/linux-riscv64/-/linux-riscv64-0.25.5.tgz#0e7dd30730505abd8088321e8497e94b547bfb1e"
  integrity sha512-kTxwu4mLyeOlsVIFPfQo+fQJAV9mh24xL+y+Bm6ej067sYANjyEw1dNHmvoqxJUCMnkBdKpvOn0Ahql6+4VyeA==

"@esbuild/linux-s390x@0.25.5":
  version "0.25.5"
  resolved "https://registry.yarnpkg.com/@esbuild/linux-s390x/-/linux-s390x-0.25.5.tgz#5669af81327a398a336d7e40e320b5bbd6e6e72d"
  integrity sha512-K2dSKTKfmdh78uJ3NcWFiqyRrimfdinS5ErLSn3vluHNeHVnBAFWC8a4X5N+7FgVE1EjXS1QDZbpqZBjfrqMTQ==

"@esbuild/linux-x64@0.25.5":
  version "0.25.5"
  resolved "https://registry.yarnpkg.com/@esbuild/linux-x64/-/linux-x64-0.25.5.tgz#b2357dd153aa49038967ddc1ffd90c68a9d2a0d4"
  integrity sha512-uhj8N2obKTE6pSZ+aMUbqq+1nXxNjZIIjCjGLfsWvVpy7gKCOL6rsY1MhRh9zLtUtAI7vpgLMK6DxjO8Qm9lJw==

"@esbuild/netbsd-arm64@0.25.5":
  version "0.25.5"
  resolved "https://registry.yarnpkg.com/@esbuild/netbsd-arm64/-/netbsd-arm64-0.25.5.tgz#53b4dfb8fe1cee93777c9e366893bd3daa6ba63d"
  integrity sha512-pwHtMP9viAy1oHPvgxtOv+OkduK5ugofNTVDilIzBLpoWAM16r7b/mxBvfpuQDpRQFMfuVr5aLcn4yveGvBZvw==

"@esbuild/netbsd-x64@0.25.5":
  version "0.25.5"
  resolved "https://registry.yarnpkg.com/@esbuild/netbsd-x64/-/netbsd-x64-0.25.5.tgz#a0206f6314ce7dc8713b7732703d0f58de1d1e79"
  integrity sha512-WOb5fKrvVTRMfWFNCroYWWklbnXH0Q5rZppjq0vQIdlsQKuw6mdSihwSo4RV/YdQ5UCKKvBy7/0ZZYLBZKIbwQ==

"@esbuild/openbsd-arm64@0.25.5":
  version "0.25.5"
  resolved "https://registry.yarnpkg.com/@esbuild/openbsd-arm64/-/openbsd-arm64-0.25.5.tgz#2a796c87c44e8de78001d808c77d948a21ec22fd"
  integrity sha512-7A208+uQKgTxHd0G0uqZO8UjK2R0DDb4fDmERtARjSHWxqMTye4Erz4zZafx7Di9Cv+lNHYuncAkiGFySoD+Mw==

"@esbuild/openbsd-x64@0.25.5":
  version "0.25.5"
  resolved "https://registry.yarnpkg.com/@esbuild/openbsd-x64/-/openbsd-x64-0.25.5.tgz#28d0cd8909b7fa3953af998f2b2ed34f576728f0"
  integrity sha512-G4hE405ErTWraiZ8UiSoesH8DaCsMm0Cay4fsFWOOUcz8b8rC6uCvnagr+gnioEjWn0wC+o1/TAHt+It+MpIMg==

"@esbuild/sunos-x64@0.25.5":
  version "0.25.5"
  resolved "https://registry.yarnpkg.com/@esbuild/sunos-x64/-/sunos-x64-0.25.5.tgz#a28164f5b997e8247d407e36c90d3fd5ddbe0dc5"
  integrity sha512-l+azKShMy7FxzY0Rj4RCt5VD/q8mG/e+mDivgspo+yL8zW7qEwctQ6YqKX34DTEleFAvCIUviCFX1SDZRSyMQA==

"@esbuild/win32-arm64@0.25.5":
  version "0.25.5"
  resolved "https://registry.yarnpkg.com/@esbuild/win32-arm64/-/win32-arm64-0.25.5.tgz#6eadbead38e8bd12f633a5190e45eff80e24007e"
  integrity sha512-O2S7SNZzdcFG7eFKgvwUEZ2VG9D/sn/eIiz8XRZ1Q/DO5a3s76Xv0mdBzVM5j5R639lXQmPmSo0iRpHqUUrsxw==

"@esbuild/win32-ia32@0.25.5":
  version "0.25.5"
  resolved "https://registry.yarnpkg.com/@esbuild/win32-ia32/-/win32-ia32-0.25.5.tgz#bab6288005482f9ed2adb9ded7e88eba9a62cc0d"
  integrity sha512-onOJ02pqs9h1iMJ1PQphR+VZv8qBMQ77Klcsqv9CNW2w6yLqoURLcgERAIurY6QE63bbLuqgP9ATqajFLK5AMQ==

"@esbuild/win32-x64@0.25.5":
  version "0.25.5"
  resolved "https://registry.yarnpkg.com/@esbuild/win32-x64/-/win32-x64-0.25.5.tgz#7fc114af5f6563f19f73324b5d5ff36ece0803d1"
  integrity sha512-TXv6YnJ8ZMVdX+SXWVBo/0p8LTcrUYngpWjvm91TMjjBQii7Oz11Lw5lbDV5Y0TzuhSJHwiH4hEtC1I42mMS0g==

"@rollup/rollup-android-arm-eabi@4.41.2":
  version "4.41.2"
  resolved "https://registry.yarnpkg.com/@rollup/rollup-android-arm-eabi/-/rollup-android-arm-eabi-4.41.2.tgz#abdf7dcc6a277b94f62e99fa71f7fa89eac6a22e"
  integrity sha512-YvIQXGGDzbOpkLuFcjGs+aiAi38D8FCyJanIdlcV2m9DWMJpHTSY8L9piO93VHBLRoe8O9C/FiycjnJ8+aP1tg==

"@rollup/rollup-android-arm64@4.41.2":
  version "4.41.2"
  resolved "https://registry.yarnpkg.com/@rollup/rollup-android-arm64/-/rollup-android-arm64-4.41.2.tgz#e083aed199dd18263e3510e83ff73ab74c27414d"
  integrity sha512-8AVWhLnN9FteevGP+9pj/Y79vqE9TdziZTe5XkN5Z9+9QY7TEBbr4iz2te8/vXbLSLEdmaQx+o2GWXrLXDKGPg==

"@rollup/rollup-darwin-arm64@4.41.2":
  version "4.41.2"
  resolved "https://registry.yarnpkg.com/@rollup/rollup-darwin-arm64/-/rollup-darwin-arm64-4.41.2.tgz#bc6484fb3f325e052963fc02a6450ce158ab38ba"
  integrity sha512-w/idsvFiipvVGDcXKu1pdiIEnh9V63NPjpo5E48BbbrhUzEQthVXylKjYKj9lgX+89Ao36BxArkKPxxs7aXn3g==

"@rollup/rollup-darwin-x64@4.41.2":
  version "4.41.2"
  resolved "https://registry.yarnpkg.com/@rollup/rollup-darwin-x64/-/rollup-darwin-x64-4.41.2.tgz#e597e41e5f92826f7080da25aba22cdfd923c807"
  integrity sha512-oNUD4Kywoild1lsuUu1jydg3+IdQbyg4JNZb1+3Voh/revkYxMqMl4a/sZw5z+BSgFbXK6rR0RGutnHO8QS53g==

"@rollup/rollup-freebsd-arm64@4.41.2":
  version "4.41.2"
  resolved "https://registry.yarnpkg.com/@rollup/rollup-freebsd-arm64/-/rollup-freebsd-arm64-4.41.2.tgz#8a2162e1b360135194d7306e0426debcdaa01efb"
  integrity sha512-yKXgW9UF2f78/PaSAFgDJbrLB/aETxH98jJFIpqESLyhyRmEqZl1dqAoy0IigJJZdwP+ZJdLw2isKiwb1wAqcA==

"@rollup/rollup-freebsd-x64@4.41.2":
  version "4.41.2"
  resolved "https://registry.yarnpkg.com/@rollup/rollup-freebsd-x64/-/rollup-freebsd-x64-4.41.2.tgz#fe24342f05259f23751370242c6528e36fa462b3"
  integrity sha512-ye4rQ80/fAIcUyIil7S/IzGpHvlPUoZvUQSq0OmU+LXb/I9E5Brh7PKJ/K0plsLCQx9Hx01526Uf4Iy8RqmLJw==

"@rollup/rollup-linux-arm-gnueabihf@4.41.2":
  version "4.41.2"
  resolved "https://registry.yarnpkg.com/@rollup/rollup-linux-arm-gnueabihf/-/rollup-linux-arm-gnueabihf-4.41.2.tgz#77f2d60fb7bf31e3282561c94221aebb68ed4059"
  integrity sha512-q2aqiDKNKNj9jG/6JIHakx1hmj6A8bxc3U6rpZjL8znx3O4OGpPJcyEiJSxmFd8olpjfRezh7PONU+3RTQmj0A==

"@rollup/rollup-linux-arm-musleabihf@4.41.2":
  version "4.41.2"
  resolved "https://registry.yarnpkg.com/@rollup/rollup-linux-arm-musleabihf/-/rollup-linux-arm-musleabihf-4.41.2.tgz#b2741b1bffd2402af8fe370f2a5b362186d978bd"
  integrity sha512-qDtvGRNcj2SCY+XFV24s6/vOV46fktFa3/AtedKLVJZdO/WGyOtDDq2zF7nNGhzJa0Tx7bvJ92z9PjjF7nKbBg==

"@rollup/rollup-linux-arm64-gnu@4.41.2":
  version "4.41.2"
  resolved "https://registry.yarnpkg.com/@rollup/rollup-linux-arm64-gnu/-/rollup-linux-arm64-gnu-4.41.2.tgz#3d434fde51770b87ff0f6a9085d0ce9098c102ec"
  integrity sha512-Cg1ywrBHMMCj4Il0QdcVamt5UK9HQ1ntNUXzhAw4yZ2rTJGFkjnkYyEPEpunb1L9orm+g0kvtZUydShTtLUNkA==

"@rollup/rollup-linux-arm64-musl@4.41.2":
  version "4.41.2"
  resolved "https://registry.yarnpkg.com/@rollup/rollup-linux-arm64-musl/-/rollup-linux-arm64-musl-4.41.2.tgz#a032bf8356f203446f6df80f2d516bde158dd5f9"
  integrity sha512-FxPrm21SE2/p+L/Qy2P6zPPWtbKRunZ71ChHXuZu6b//zOeDYCF7kbXiGdE7ZJgUvboLx8lQtov4jsz04zdmiw==

"@rollup/rollup-linux-loongarch64-gnu@4.41.2":
  version "4.41.2"
  resolved "https://registry.yarnpkg.com/@rollup/rollup-linux-loongarch64-gnu/-/rollup-linux-loongarch64-gnu-4.41.2.tgz#2662a182009b6fea6215db165a4eab30aa185663"
  integrity sha512-Bp2BYb+QWgefn2e8DblGUzejLEyhtG0DnIcSMzAzFtBK33ITvzLM9B8maTHPoy7Cx7XdxEb7l0iNKQAXBZ1NOw==

"@rollup/rollup-linux-powerpc64le-gnu@4.41.2":
  version "4.41.2"
  resolved "https://registry.yarnpkg.com/@rollup/rollup-linux-powerpc64le-gnu/-/rollup-linux-powerpc64le-gnu-4.41.2.tgz#3823f27e6753aa694e49087ba08e7b41251da7d0"
  integrity sha512-1DmJwH0PPRPjVwUGHINP1YiH7fO25mhpf2B5N8ubBQdOjEVTRI0x69m8eJGoUSLISoW0kgPX2zTAiHc4zllQ/g==

"@rollup/rollup-linux-riscv64-gnu@4.41.2":
  version "4.41.2"
  resolved "https://registry.yarnpkg.com/@rollup/rollup-linux-riscv64-gnu/-/rollup-linux-riscv64-gnu-4.41.2.tgz#5a20f8025e962a711887fbb02e409889b3dc3694"
  integrity sha512-/9TBJIyoervs137gteTbzOSsIc/Io6xnXvjXYTEEqDRi3a9OokdBwfllN8AmPFGcU+WzoAiTc6n9SJiPohJ3CQ==

"@rollup/rollup-linux-riscv64-musl@4.41.2":
  version "4.41.2"
  resolved "https://registry.yarnpkg.com/@rollup/rollup-linux-riscv64-musl/-/rollup-linux-riscv64-musl-4.41.2.tgz#13e0841d0d10b6a8df9a9992a6fc80c8feb719ba"
  integrity sha512-qqwpXqu6mV6Vm+EsU2NQk/xLiQfCv+NYmYNCYF8FFIf7kzlHvDoqiNaqqOw0hAr8O5nRBQO+H6X4qEw4Y/0b8w==

"@rollup/rollup-linux-s390x-gnu@4.41.2":
  version "4.41.2"
  resolved "https://registry.yarnpkg.com/@rollup/rollup-linux-s390x-gnu/-/rollup-linux-s390x-gnu-4.41.2.tgz#e1f6e30eb4ea2e4dd768b5e8cf144d1ffb16b21e"
  integrity sha512-j5oHqcj58pDqN3+CeJdTB3NfHipxIxVIH24VkRlVVhs9jJXks1ovtO4Tf6YxlBzf44ZTx9D2uhO9DZttC/wgUA==

"@rollup/rollup-linux-x64-gnu@4.41.2":
  version "4.41.2"
  resolved "https://registry.yarnpkg.com/@rollup/rollup-linux-x64-gnu/-/rollup-linux-x64-gnu-4.41.2.tgz#61c0c962049b2c14a3eaa0f1037b3bde0150359f"
  integrity sha512-F3fxs7ajUNny4z1TsprdWB9gg8QRwSNSSILVfTmG8rXdeUFWuHEf3Uf5ltrdii8CkzZS3kD/VFPdNVdH3BOpIA==

"@rollup/rollup-linux-x64-musl@4.41.2":
  version "4.41.2"
  resolved "https://registry.yarnpkg.com/@rollup/rollup-linux-x64-musl/-/rollup-linux-x64-musl-4.41.2.tgz#4c02ac0bd1403cd0e806479deeefff2386cc4f16"
  integrity sha512-2S74RTJ1lJeiX+HSCxlLD/6Z6ndu9/+Huf8kYrI2XTCztFosOWsjPt+aD4cxBG1JTWjoiRYtutc8HABruppFQQ==

"@rollup/rollup-win32-arm64-msvc@4.41.2":
  version "4.41.2"
  resolved "https://registry.yarnpkg.com/@rollup/rollup-win32-arm64-msvc/-/rollup-win32-arm64-msvc-4.41.2.tgz#eeea3d6b73f18f3fdb065f86fe028f190e36e4b6"
  integrity sha512-LOXSg8GprvL36erslsrNEUirlxy28JcuyTH5PYSBj8wwa0gDQlR8sZricFRbZGCzLhFixvmW2ozj7Mi+j023sg==

"@rollup/rollup-win32-ia32-msvc@4.41.2":
  version "4.41.2"
  resolved "https://registry.yarnpkg.com/@rollup/rollup-win32-ia32-msvc/-/rollup-win32-ia32-msvc-4.41.2.tgz#60bcac53e064f95840f65ec0b69e06108833460e"
  integrity sha512-PFhMLaWu0lFziS+buQIJ+YGaifkABS2TGtmeuPRrPO8JKcG17sDSNj358otAP45gIzRWd4o9QM8R+DurDWJgTA==

"@rollup/rollup-win32-x64-msvc@4.41.2":
  version "4.41.2"
  resolved "https://registry.yarnpkg.com/@rollup/rollup-win32-x64-msvc/-/rollup-win32-x64-msvc-4.41.2.tgz#7c7c5d4524213e233c74e554c430581e9a989a1f"
  integrity sha512-AQ5GvrrLYw6dfkfT/bgYg1NU54exCKDrO9JKOE87zy2mdf2CyI6Vayy41r8Vo+kNDpqacaVQppwvYl30YGJu/Q==

"@tweenjs/tween.js@^25.0.0":
  version "25.0.0"
  resolved "https://registry.yarnpkg.com/@tweenjs/tween.js/-/tween.js-25.0.0.tgz#7266baebcc3affe62a3a54318a3ea82d904cd0b9"
  integrity sha512-XKLA6syeBUaPzx4j3qwMqzzq+V4uo72BnlbOjmuljLrRqdsd3qnzvZZoxvMHZ23ndsRS4aufU6JOZYpCbU6T1A==

"@types/estree@1.0.7":
  version "1.0.7"
  resolved "https://registry.yarnpkg.com/@types/estree/-/estree-1.0.7.tgz#4158d3105276773d5b7695cd4834b1722e4f37a8"
  integrity sha512-w28IoSUCJpidD/TGviZwwMJckNESJZXFu7NBZ5YJ4mEUnNraUn9Pm8HSZm/jDF1pDWYKspWE7oVphigUPRakIQ==

esbuild@^0.25.0:
  version "0.25.5"
  resolved "https://registry.yarnpkg.com/esbuild/-/esbuild-0.25.5.tgz#71075054993fdfae76c66586f9b9c1f8d7edd430"
  integrity sha512-P8OtKZRv/5J5hhz0cUAdu/cLuPIKXpQl1R9pZtvmHWQvrAUVd0UNIPT4IB4W3rNOqVO0rlqHmCIbSwxh/c9yUQ==
  optionalDependencies:
    "@esbuild/aix-ppc64" "0.25.5"
    "@esbuild/android-arm" "0.25.5"
    "@esbuild/android-arm64" "0.25.5"
    "@esbuild/android-x64" "0.25.5"
    "@esbuild/darwin-arm64" "0.25.5"
    "@esbuild/darwin-x64" "0.25.5"
    "@esbuild/freebsd-arm64" "0.25.5"
    "@esbuild/freebsd-x64" "0.25.5"
    "@esbuild/linux-arm" "0.25.5"
    "@esbuild/linux-arm64" "0.25.5"
    "@esbuild/linux-ia32" "0.25.5"
    "@esbuild/linux-loong64" "0.25.5"
    "@esbuild/linux-mips64el" "0.25.5"
    "@esbuild/linux-ppc64" "0.25.5"
    "@esbuild/linux-riscv64" "0.25.5"
    "@esbuild/linux-s390x" "0.25.5"
    "@esbuild/linux-x64" "0.25.5"
    "@esbuild/netbsd-arm64" "0.25.5"
    "@esbuild/netbsd-x64" "0.25.5"
    "@esbuild/openbsd-arm64" "0.25.5"
    "@esbuild/openbsd-x64" "0.25.5"
    "@esbuild/sunos-x64" "0.25.5"
    "@esbuild/win32-arm64" "0.25.5"
    "@esbuild/win32-ia32" "0.25.5"
    "@esbuild/win32-x64" "0.25.5"

fdir@^6.4.4:
  version "6.4.5"
  resolved "https://registry.yarnpkg.com/fdir/-/fdir-6.4.5.tgz#328e280f3a23699362f95f2e82acf978a0c0cb49"
  integrity sha512-4BG7puHpVsIYxZUbiUE3RqGloLaSSwzYie5jvasC4LWuBWzZawynvYouhjbQKw2JuIGYdm0DzIxl8iVidKlUEw==

fsevents@~2.3.2, fsevents@~2.3.3:
  version "2.3.3"
  resolved "https://registry.yarnpkg.com/fsevents/-/fsevents-2.3.3.tgz#cac6407785d03675a2a5e1a5305c697b347d90d6"
  integrity sha512-5xoDfX+fL7faATnagmWPpbFtwh/R77WmMMqqHGS65C3vvB0YHrgF+B1YmZ3441tMj5n63k0212XNoJwzlhffQw==

nanoid@^3.3.11:
  version "3.3.11"
  resolved "https://registry.yarnpkg.com/nanoid/-/nanoid-3.3.11.tgz#4f4f112cefbe303202f2199838128936266d185b"
  integrity sha512-N8SpfPUnUp1bK+PMYW8qSWdl9U+wwNWI4QKxOYDy9JAro3WMX7p2OeVRF9v+347pnakNevPmiHhNmZ2HbFA76w==

picocolors@^1.1.1:
  version "1.1.1"
  resolved "https://registry.yarnpkg.com/picocolors/-/picocolors-1.1.1.tgz#3d321af3eab939b083c8f929a1d12cda81c26b6b"
  integrity sha512-xceH2snhtb5M9liqDsmEw56le376mTZkEX/jEb/RxNFyegNul7eNslCXP9FDj/Lcu0X8KEyMceP2ntpaHrDEVA==

picomatch@^4.0.2:
  version "4.0.2"
  resolved "https://registry.yarnpkg.com/picomatch/-/picomatch-4.0.2.tgz#77c742931e8f3b8820946c76cd0c1f13730d1dab"
  integrity sha512-M7BAV6Rlcy5u+m6oPhAPFgJTzAioX/6B0DxyvDlo9l8+T3nLKbrczg2WLUyzd45L8RqfUMyGPzekbMvX2Ldkwg==

postcss@^8.5.3:
  version "8.5.4"
  resolved "https://registry.yarnpkg.com/postcss/-/postcss-8.5.4.tgz#d61014ac00e11d5f58458ed7247d899bd65f99c0"
  integrity sha512-QSa9EBe+uwlGTFmHsPKokv3B/oEMQZxfqW0QqNCyhpa6mB1afzulwn8hihglqAb2pOw+BJgNlmXQ8la2VeHB7w==
  dependencies:
    nanoid "^3.3.11"
    picocolors "^1.1.1"
    source-map-js "^1.2.1"

postprocessing@^6.37.3:
  version "6.37.3"
  resolved "https://registry.yarnpkg.com/postprocessing/-/postprocessing-6.37.3.tgz#33d4f287044bb41c84316d1a91eabdb4458b442f"
  integrity sha512-2FzfZg41Ml/ddvSalLdCz7H53Wmr/ZvK238fauTG1CI97+65BDgo1dNH6AKhAWc5q9ngpyG5EYiXVbNCl2t1iA==

rollup@^4.34.9:
  version "4.41.2"
  resolved "https://registry.yarnpkg.com/rollup/-/rollup-4.41.2.tgz#e7e0ef705204ece7dfdf179b645102cd7ae0e8b4"
  integrity sha512-6VwIRjxJPRGfwtHnBWrApOrFposYNARbBUnBzWSBYutdukosTadkxSB1prmEd95jhiJ1uWtZOD3sDx7qfVwu4A==
  dependencies:
    "@types/estree" "1.0.7"
  optionalDependencies:
    "@rollup/rollup-android-arm-eabi" "4.41.2"
    "@rollup/rollup-android-arm64" "4.41.2"
    "@rollup/rollup-darwin-arm64" "4.41.2"
    "@rollup/rollup-darwin-x64" "4.41.2"
    "@rollup/rollup-freebsd-arm64" "4.41.2"
    "@rollup/rollup-freebsd-x64" "4.41.2"
    "@rollup/rollup-linux-arm-gnueabihf" "4.41.2"
    "@rollup/rollup-linux-arm-musleabihf" "4.41.2"
    "@rollup/rollup-linux-arm64-gnu" "4.41.2"
    "@rollup/rollup-linux-arm64-musl" "4.41.2"
    "@rollup/rollup-linux-loongarch64-gnu" "4.41.2"
    "@rollup/rollup-linux-powerpc64le-gnu" "4.41.2"
    "@rollup/rollup-linux-riscv64-gnu" "4.41.2"
    "@rollup/rollup-linux-riscv64-musl" "4.41.2"
    "@rollup/rollup-linux-s390x-gnu" "4.41.2"
    "@rollup/rollup-linux-x64-gnu" "4.41.2"
    "@rollup/rollup-linux-x64-musl" "4.41.2"
    "@rollup/rollup-win32-arm64-msvc" "4.41.2"
    "@rollup/rollup-win32-ia32-msvc" "4.41.2"
    "@rollup/rollup-win32-x64-msvc" "4.41.2"
    fsevents "~2.3.2"

source-map-js@^1.2.1:
  version "1.2.1"
  resolved "https://registry.yarnpkg.com/source-map-js/-/source-map-js-1.2.1.tgz#1ce5650fddd87abc099eda37dcff024c2667ae46"
  integrity sha512-UXWMKhLOwVKb728IUtQPXxfYU+usdybtUrK/8uGE8CQMvrhOpwvzDBwj0QhSL7MQc7vIsISBG8VQ8+IDQxpfQA==

three@^0.177.0:
  version "0.177.0"
  resolved "https://registry.yarnpkg.com/three/-/three-0.177.0.tgz#e51f2eb2b921fbab535bdfa81c403f9993b9dd83"
  integrity sha512-EiXv5/qWAaGI+Vz2A+JfavwYCMdGjxVsrn3oBwllUoqYeaBO75J63ZfyaQKoiLrqNHoTlUc6PFgMXnS0kI45zg==

tinyglobby@^0.2.13:
  version "0.2.14"
  resolved "https://registry.yarnpkg.com/tinyglobby/-/tinyglobby-0.2.14.tgz#5280b0cf3f972b050e74ae88406c0a6a58f4079d"
  integrity sha512-tX5e7OM1HnYr2+a2C/4V0htOcSQcoSTH9KgJnVvNm5zm/cyEWKJ7j7YutsH9CxMdtOkkLFy2AHrMci9IM8IPZQ==
  dependencies:
    fdir "^6.4.4"
    picomatch "^4.0.2"

vite@^6.3.5:
  version "6.3.5"
  resolved "https://registry.yarnpkg.com/vite/-/vite-6.3.5.tgz#fec73879013c9c0128c8d284504c6d19410d12a3"
  integrity sha512-cZn6NDFE7wdTpINgs++ZJ4N49W2vRp8LCKrn3Ob1kYNtOo21vfDoaV5GzBfLU4MovSAB8uNRm4jgzVQZ+mBzPQ==
  dependencies:
    esbuild "^0.25.0"
    fdir "^6.4.4"
    picomatch "^4.0.2"
    postcss "^8.5.3"
    rollup "^4.34.9"
    tinyglobby "^0.2.13"
  optionalDependencies:
    fsevents "~2.3.3"
